
Microsoft Visual Studio Solution File, Format Version 12.00
# Visual Studio Version 17
VisualStudioVersion = 17.6.33829.357
MinimumVisualStudioVersion = 10.0.40219.1
Project("{FAE04EC0-301F-11D3-BF4B-00C04F79EFBC}") = "TextFilter", "TextFilter\TextFilter.csproj", "{C71F544B-9E56-451F-902F-CFA951DA293E}"
EndProject
Project("{FAE04EC0-301F-11D3-BF4B-00C04F79EFBC}") = "TextFilter.Tests", "TextFilter.Tests\TextFilter.Tests.csproj", "{D2C69430-E64B-4B55-B8CD-7D97678D8C41}"
EndProject
Global
	GlobalSection(SolutionConfigurationPlatforms) = preSolution
		Debug|Any CPU = Debug|Any CPU
		Release|Any CPU = Release|Any CPU
	EndGlobalSection
	GlobalSection(ProjectConfigurationPlatforms) = postSolution
		{C71F544B-9E56-451F-902F-CFA951DA293E}.Debug|Any CPU.ActiveCfg = Debug|Any CPU
		{C71F544B-9E56-451F-902F-CFA951DA293E}.Debug|Any CPU.Build.0 = Debug|Any CPU
		{C71F544B-9E56-451F-902F-CFA951DA293E}.Release|Any CPU.ActiveCfg = Release|Any CPU
		{C71F544B-9E56-451F-902F-CFA951DA293E}.Release|Any CPU.Build.0 = Release|Any CPU
		{D2C69430-E64B-4B55-B8CD-7D97678D8C41}.Debug|Any CPU.ActiveCfg = Debug|Any CPU
		{D2C69430-E64B-4B55-B8CD-7D97678D8C41}.Debug|Any CPU.Build.0 = Debug|Any CPU
		{D2C69430-E64B-4B55-B8CD-7D97678D8C41}.Release|Any CPU.ActiveCfg = Release|Any CPU
		{D2C69430-E64B-4B55-B8CD-7D97678D8C41}.Release|Any CPU.Build.0 = Release|Any CPU
	EndGlobalSection
	GlobalSection(SolutionProperties) = preSolution
		HideSolutionNode = FALSE
	EndGlobalSection
	GlobalSection(ExtensibilityGlobals) = postSolution
		SolutionGuid = {B5D63033-9D9E-4186-8BCF-2406DD753426}
	EndGlobalSection
EndGlobal
